// !$*UTF8*$!
{
	archiveVersion = 1;
	classes = {
	};
	objectVersion = 46;
	objects = {

/* Begin PBXBuildFile section */
		A272B5C41730A86300F10F6B /* UIKit.framework in Frameworks */ = {isa = PBXBuildFile; fileRef = A272B5C31730A86300F10F6B /* UIKit.framework */; };
		A272B5C61730A86300F10F6B /* Foundation.framework in Frameworks */ = {isa = PBXBuildFile; fileRef = A272B5C51730A86300F10F6B /* Foundation.framework */; };
		A272B5C81730A86300F10F6B /* CoreGraphics.framework in Frameworks */ = {isa = PBXBuildFile; fileRef = A272B5C71730A86300F10F6B /* CoreGraphics.framework */; };
		A272B5CE1730A86300F10F6B /* InfoPlist.strings in Resources */ = {isa = PBXBuildFile; fileRef = A272B5CC1730A86300F10F6B /* InfoPlist.strings */; };
		A272B5D01730A86300F10F6B /* main.m in Sources */ = {isa = PBXBuildFile; fileRef = A272B5CF1730A86300F10F6B /* main.m */; };
		A272B5D41730A86300F10F6B /* AppDelegate.m in Sources */ = {isa = PBXBuildFile; fileRef = A272B5D31730A86300F10F6B /* AppDelegate.m */; };
		A272B5D61730A86300F10F6B /* Default.png in Resources */ = {isa = PBXBuildFile; fileRef = A272B5D51730A86300F10F6B /* Default.png */; };
		A272B5D81730A86300F10F6B /* Default@2x.png in Resources */ = {isa = PBXBuildFile; fileRef = A272B5D71730A86300F10F6B /* Default@2x.png */; };
		A272B5DA1730A86300F10F6B /* Default-568h@2x.png in Resources */ = {isa = PBXBuildFile; fileRef = A272B5D91730A86300F10F6B /* Default-568h@2x.png */; };
		A272B5E21730A86400F10F6B /* SenTestingKit.framework in Frameworks */ = {isa = PBXBuildFile; fileRef = A272B5E11730A86400F10F6B /* SenTestingKit.framework */; };
		A272B5E31730A86400F10F6B /* UIKit.framework in Frameworks */ = {isa = PBXBuildFile; fileRef = A272B5C31730A86300F10F6B /* UIKit.framework */; };
		A272B5E41730A86400F10F6B /* Foundation.framework in Frameworks */ = {isa = PBXBuildFile; fileRef = A272B5C51730A86300F10F6B /* Foundation.framework */; };
		A272B5EC1730A86400F10F6B /* InfoPlist.strings in Resources */ = {isa = PBXBuildFile; fileRef = A272B5EA1730A86400F10F6B /* InfoPlist.strings */; };
		A272B5EF1730A86400F10F6B /* SkylogTests.m in Sources */ = {isa = PBXBuildFile; fileRef = A272B5EE1730A86400F10F6B /* SkylogTests.m */; };
		A272B60A1730AF1700F10F6B /* FirstTopViewController.m in Sources */ = {isa = PBXBuildFile; fileRef = A272B5FB1730AF1700F10F6B /* FirstTopViewController.m */; };
		A272B60B1730AF1700F10F6B /* InitialSlidingViewController.m in Sources */ = {isa = PBXBuildFile; fileRef = A272B5FD1730AF1700F10F6B /* InitialSlidingViewController.m */; };
		A272B60C1730AF1700F10F6B /* MenuViewController.m in Sources */ = {isa = PBXBuildFile; fileRef = A272B5FF1730AF1700F10F6B /* MenuViewController.m */; };
		A272B60D1730AF1700F10F6B /* NavigationTopViewController.m in Sources */ = {isa = PBXBuildFile; fileRef = A272B6011730AF1700F10F6B /* NavigationTopViewController.m */; };
		A272B60E1730AF1700F10F6B /* SampleTableViewController.m in Sources */ = {isa = PBXBuildFile; fileRef = A272B6031730AF1700F10F6B /* SampleTableViewController.m */; };
		A272B60F1730AF1700F10F6B /* SecondTopViewController.m in Sources */ = {isa = PBXBuildFile; fileRef = A272B6051730AF1700F10F6B /* SecondTopViewController.m */; };
		A272B6101730AF1700F10F6B /* ThirdTopViewController.m in Sources */ = {isa = PBXBuildFile; fileRef = A272B6071730AF1700F10F6B /* ThirdTopViewController.m */; };
		A272B6111730AF1700F10F6B /* UnderRightViewController.m in Sources */ = {isa = PBXBuildFile; fileRef = A272B6091730AF1700F10F6B /* UnderRightViewController.m */; };
		A272B6161730AF3C00F10F6B /* ECSlidingViewController.m in Sources */ = {isa = PBXBuildFile; fileRef = A272B6131730AF3C00F10F6B /* ECSlidingViewController.m */; };
		A272B6171730AF3C00F10F6B /* UIImage+ImageWithUIView.m in Sources */ = {isa = PBXBuildFile; fileRef = A272B6151730AF3C00F10F6B /* UIImage+ImageWithUIView.m */; };
		A272B61A1730AF8600F10F6B /* iPhone.storyboard in Resources */ = {isa = PBXBuildFile; fileRef = A272B6191730AF8600F10F6B /* iPhone.storyboard */; };
		A272B61C1731D8F700F10F6B /* Default.png in Resources */ = {isa = PBXBuildFile; fileRef = A272B61B1731D8F700F10F6B /* Default.png */; };
		A272B61E1731D90100F10F6B /* Default@2x.png in Resources */ = {isa = PBXBuildFile; fileRef = A272B61D1731D90100F10F6B /* Default@2x.png */; };
		A272B6201731D90800F10F6B /* Default-568h@2x.png in Resources */ = {isa = PBXBuildFile; fileRef = A272B61F1731D90800F10F6B /* Default-568h@2x.png */; };
		A272B6231732288900F10F6B /* FourthTopViewController.m in Sources */ = {isa = PBXBuildFile; fileRef = A272B6221732288900F10F6B /* FourthTopViewController.m */; };
		A272B626173228D000F10F6B /* FifthTopViewController.m in Sources */ = {isa = PBXBuildFile; fileRef = A272B625173228CF00F10F6B /* FifthTopViewController.m */; };
/* End PBXBuildFile section */

/* Begin PBXContainerItemProxy section */
		A272B5E51730A86400F10F6B /* PBXContainerItemProxy */ = {
			isa = PBXContainerItemProxy;
			containerPortal = A272B5B81730A86300F10F6B /* Project object */;
			proxyType = 1;
			remoteGlobalIDString = A272B5BF1730A86300F10F6B;
			remoteInfo = Skylog;
		};
/* End PBXContainerItemProxy section */

/* Begin PBXFileReference section */
		A272B5C01730A86300F10F6B /* Skylog.app */ = {isa = PBXFileReference; explicitFileType = wrapper.application; includeInIndex = 0; path = Skylog.app; sourceTree = BUILT_PRODUCTS_DIR; };
		A272B5C31730A86300F10F6B /* UIKit.framework */ = {isa = PBXFileReference; lastKnownFileType = wrapper.framework; name = UIKit.framework; path = System/Library/Frameworks/UIKit.framework; sourceTree = SDKROOT; };
		A272B5C51730A86300F10F6B /* Foundation.framework */ = {isa = PBXFileReference; lastKnownFileType = wrapper.framework; name = Foundation.framework; path = System/Library/Frameworks/Foundation.framework; sourceTree = SDKROOT; };
		A272B5C71730A86300F10F6B /* CoreGraphics.framework */ = {isa = PBXFileReference; lastKnownFileType = wrapper.framework; name = CoreGraphics.framework; path = System/Library/Frameworks/CoreGraphics.framework; sourceTree = SDKROOT; };
		A272B5CB1730A86300F10F6B /* Skylog-Info.plist */ = {isa = PBXFileReference; lastKnownFileType = text.plist.xml; path = "Skylog-Info.plist"; sourceTree = "<group>"; };
		A272B5CD1730A86300F10F6B /* en */ = {isa = PBXFileReference; lastKnownFileType = text.plist.strings; name = en; path = en.lproj/InfoPlist.strings; sourceTree = "<group>"; };
		A272B5CF1730A86300F10F6B /* main.m */ = {isa = PBXFileReference; lastKnownFileType = sourcecode.c.objc; path = main.m; sourceTree = "<group>"; };
		A272B5D11730A86300F10F6B /* Skylog-Prefix.pch */ = {isa = PBXFileReference; lastKnownFileType = sourcecode.c.h; path = "Skylog-Prefix.pch"; sourceTree = "<group>"; };
		A272B5D21730A86300F10F6B /* AppDelegate.h */ = {isa = PBXFileReference; lastKnownFileType = sourcecode.c.h; path = AppDelegate.h; sourceTree = "<group>"; };
		A272B5D31730A86300F10F6B /* AppDelegate.m */ = {isa = PBXFileReference; lastKnownFileType = sourcecode.c.objc; path = AppDelegate.m; sourceTree = "<group>"; };
		A272B5D51730A86300F10F6B /* Default.png */ = {isa = PBXFileReference; lastKnownFileType = image.png; path = Default.png; sourceTree = "<group>"; };
		A272B5D71730A86300F10F6B /* Default@2x.png */ = {isa = PBXFileReference; lastKnownFileType = image.png; path = "Default@2x.png"; sourceTree = "<group>"; };
		A272B5D91730A86300F10F6B /* Default-568h@2x.png */ = {isa = PBXFileReference; lastKnownFileType = image.png; path = "Default-568h@2x.png"; sourceTree = "<group>"; };
		A272B5E01730A86400F10F6B /* SkylogTests.octest */ = {isa = PBXFileReference; explicitFileType = wrapper.cfbundle; includeInIndex = 0; path = SkylogTests.octest; sourceTree = BUILT_PRODUCTS_DIR; };
		A272B5E11730A86400F10F6B /* SenTestingKit.framework */ = {isa = PBXFileReference; lastKnownFileType = wrapper.framework; name = SenTestingKit.framework; path = Library/Frameworks/SenTestingKit.framework; sourceTree = DEVELOPER_DIR; };
		A272B5E91730A86400F10F6B /* SkylogTests-Info.plist */ = {isa = PBXFileReference; lastKnownFileType = text.plist.xml; path = "SkylogTests-Info.plist"; sourceTree = "<group>"; };
		A272B5EB1730A86400F10F6B /* en */ = {isa = PBXFileReference; lastKnownFileType = text.plist.strings; name = en; path = en.lproj/InfoPlist.strings; sourceTree = "<group>"; };
		A272B5ED1730A86400F10F6B /* SkylogTests.h */ = {isa = PBXFileReference; lastKnownFileType = sourcecode.c.h; path = SkylogTests.h; sourceTree = "<group>"; };
		A272B5EE1730A86400F10F6B /* SkylogTests.m */ = {isa = PBXFileReference; lastKnownFileType = sourcecode.c.objc; path = SkylogTests.m; sourceTree = "<group>"; };
		A272B5FA1730AF1700F10F6B /* FirstTopViewController.h */ = {isa = PBXFileReference; fileEncoding = 4; lastKnownFileType = sourcecode.c.h; path = FirstTopViewController.h; sourceTree = "<group>"; };
		A272B5FB1730AF1700F10F6B /* FirstTopViewController.m */ = {isa = PBXFileReference; fileEncoding = 4; lastKnownFileType = sourcecode.c.objc; path = FirstTopViewController.m; sourceTree = "<group>"; };
		A272B5FC1730AF1700F10F6B /* InitialSlidingViewController.h */ = {isa = PBXFileReference; fileEncoding = 4; lastKnownFileType = sourcecode.c.h; path = InitialSlidingViewController.h; sourceTree = "<group>"; };
		A272B5FD1730AF1700F10F6B /* InitialSlidingViewController.m */ = {isa = PBXFileReference; fileEncoding = 4; lastKnownFileType = sourcecode.c.objc; path = InitialSlidingViewController.m; sourceTree = "<group>"; };
		A272B5FE1730AF1700F10F6B /* MenuViewController.h */ = {isa = PBXFileReference; fileEncoding = 4; lastKnownFileType = sourcecode.c.h; path = MenuViewController.h; sourceTree = "<group>"; };
		A272B5FF1730AF1700F10F6B /* MenuViewController.m */ = {isa = PBXFileReference; fileEncoding = 4; lastKnownFileType = sourcecode.c.objc; path = MenuViewController.m; sourceTree = "<group>"; };
		A272B6001730AF1700F10F6B /* NavigationTopViewController.h */ = {isa = PBXFileReference; fileEncoding = 4; lastKnownFileType = sourcecode.c.h; path = NavigationTopViewController.h; sourceTree = "<group>"; };
		A272B6011730AF1700F10F6B /* NavigationTopViewController.m */ = {isa = PBXFileReference; fileEncoding = 4; lastKnownFileType = sourcecode.c.objc; path = NavigationTopViewController.m; sourceTree = "<group>"; };
		A272B6021730AF1700F10F6B /* SampleTableViewController.h */ = {isa = PBXFileReference; fileEncoding = 4; lastKnownFileType = sourcecode.c.h; path = SampleTableViewController.h; sourceTree = "<group>"; };
		A272B6031730AF1700F10F6B /* SampleTableViewController.m */ = {isa = PBXFileReference; fileEncoding = 4; lastKnownFileType = sourcecode.c.objc; path = SampleTableViewController.m; sourceTree = "<group>"; };
		A272B6041730AF1700F10F6B /* SecondTopViewController.h */ = {isa = PBXFileReference; fileEncoding = 4; lastKnownFileType = sourcecode.c.h; path = SecondTopViewController.h; sourceTree = "<group>"; };
		A272B6051730AF1700F10F6B /* SecondTopViewController.m */ = {isa = PBXFileReference; fileEncoding = 4; lastKnownFileType = sourcecode.c.objc; path = SecondTopViewController.m; sourceTree = "<group>"; };
		A272B6061730AF1700F10F6B /* ThirdTopViewController.h */ = {isa = PBXFileReference; fileEncoding = 4; lastKnownFileType = sourcecode.c.h; path = ThirdTopViewController.h; sourceTree = "<group>"; };
		A272B6071730AF1700F10F6B /* ThirdTopViewController.m */ = {isa = PBXFileReference; fileEncoding = 4; lastKnownFileType = sourcecode.c.objc; path = ThirdTopViewController.m; sourceTree = "<group>"; };
		A272B6081730AF1700F10F6B /* UnderRightViewController.h */ = {isa = PBXFileReference; fileEncoding = 4; lastKnownFileType = sourcecode.c.h; path = UnderRightViewController.h; sourceTree = "<group>"; };
		A272B6091730AF1700F10F6B /* UnderRightViewController.m */ = {isa = PBXFileReference; fileEncoding = 4; lastKnownFileType = sourcecode.c.objc; path = UnderRightViewController.m; sourceTree = "<group>"; };
		A272B6121730AF3C00F10F6B /* ECSlidingViewController.h */ = {isa = PBXFileReference; fileEncoding = 4; lastKnownFileType = sourcecode.c.h; path = ECSlidingViewController.h; sourceTree = "<group>"; };
		A272B6131730AF3C00F10F6B /* ECSlidingViewController.m */ = {isa = PBXFileReference; fileEncoding = 4; lastKnownFileType = sourcecode.c.objc; path = ECSlidingViewController.m; sourceTree = "<group>"; };
		A272B6141730AF3C00F10F6B /* UIImage+ImageWithUIView.h */ = {isa = PBXFileReference; fileEncoding = 4; lastKnownFileType = sourcecode.c.h; path = "UIImage+ImageWithUIView.h"; sourceTree = "<group>"; };
		A272B6151730AF3C00F10F6B /* UIImage+ImageWithUIView.m */ = {isa = PBXFileReference; fileEncoding = 4; lastKnownFileType = sourcecode.c.objc; path = "UIImage+ImageWithUIView.m"; sourceTree = "<group>"; };
		A272B6191730AF8600F10F6B /* iPhone.storyboard */ = {isa = PBXFileReference; fileEncoding = 4; lastKnownFileType = file.storyboard; path = iPhone.storyboard; sourceTree = "<group>"; };
		A272B61B1731D8F700F10F6B /* Default.png */ = {isa = PBXFileReference; lastKnownFileType = image.png; path = Default.png; sourceTree = "<group>"; };
		A272B61D1731D90100F10F6B /* Default@2x.png */ = {isa = PBXFileReference; lastKnownFileType = image.png; path = "Default@2x.png"; sourceTree = "<group>"; };
		A272B61F1731D90800F10F6B /* Default-568h@2x.png */ = {isa = PBXFileReference; lastKnownFileType = image.png; path = "Default-568h@2x.png"; sourceTree = "<group>"; };
		A272B6211732288900F10F6B /* FourthTopViewController.h */ = {isa = PBXFileReference; fileEncoding = 4; lastKnownFileType = sourcecode.c.h; path = FourthTopViewController.h; sourceTree = "<group>"; };
		A272B6221732288900F10F6B /* FourthTopViewController.m */ = {isa = PBXFileReference; fileEncoding = 4; lastKnownFileType = sourcecode.c.objc; path = FourthTopViewController.m; sourceTree = "<group>"; };
		A272B624173228CF00F10F6B /* FifthTopViewController.h */ = {isa = PBXFileReference; fileEncoding = 4; lastKnownFileType = sourcecode.c.h; path = FifthTopViewController.h; sourceTree = "<group>"; };
		A272B625173228CF00F10F6B /* FifthTopViewController.m */ = {isa = PBXFileReference; fileEncoding = 4; lastKnownFileType = sourcecode.c.objc; path = FifthTopViewController.m; sourceTree = "<group>"; };
/* End PBXFileReference section */

/* Begin PBXFrameworksBuildPhase section */
		A272B5BD1730A86300F10F6B /* Frameworks */ = {
			isa = PBXFrameworksBuildPhase;
			buildActionMask = 2147483647;
			files = (
				A272B5C41730A86300F10F6B /* UIKit.framework in Frameworks */,
				A272B5C61730A86300F10F6B /* Foundation.framework in Frameworks */,
				A272B5C81730A86300F10F6B /* CoreGraphics.framework in Frameworks */,
			);
			runOnlyForDeploymentPostprocessing = 0;
		};
		A272B5DC1730A86400F10F6B /* Frameworks */ = {
			isa = PBXFrameworksBuildPhase;
			buildActionMask = 2147483647;
			files = (
				A272B5E21730A86400F10F6B /* SenTestingKit.framework in Frameworks */,
				A272B5E31730A86400F10F6B /* UIKit.framework in Frameworks */,
				A272B5E41730A86400F10F6B /* Foundation.framework in Frameworks */,
			);
			runOnlyForDeploymentPostprocessing = 0;
		};
/* End PBXFrameworksBuildPhase section */

/* Begin PBXGroup section */
		A272B5B71730A86300F10F6B = {
			isa = PBXGroup;
			children = (
				A272B61F1731D90800F10F6B /* Default-568h@2x.png */,
				A272B61D1731D90100F10F6B /* Default@2x.png */,
				A272B61B1731D8F700F10F6B /* Default.png */,
				A272B5C91730A86300F10F6B /* Skylog */,
				A272B5E71730A86400F10F6B /* SkylogTests */,
				A272B5C21730A86300F10F6B /* Frameworks */,
				A272B5C11730A86300F10F6B /* Products */,
			);
			sourceTree = "<group>";
		};
		A272B5C11730A86300F10F6B /* Products */ = {
			isa = PBXGroup;
			children = (
				A272B5C01730A86300F10F6B /* Skylog.app */,
				A272B5E01730A86400F10F6B /* SkylogTests.octest */,
			);
			name = Products;
			sourceTree = "<group>";
		};
		A272B5C21730A86300F10F6B /* Frameworks */ = {
			isa = PBXGroup;
			children = (
				A272B5C31730A86300F10F6B /* UIKit.framework */,
				A272B5C51730A86300F10F6B /* Foundation.framework */,
				A272B5C71730A86300F10F6B /* CoreGraphics.framework */,
				A272B5E11730A86400F10F6B /* SenTestingKit.framework */,
			);
			name = Frameworks;
			sourceTree = "<group>";
		};
		A272B5C91730A86300F10F6B /* Skylog */ = {
			isa = PBXGroup;
			children = (
				A272B6191730AF8600F10F6B /* iPhone.storyboard */,
				A272B5F91730AEF300F10F6B /* Vendors */,
				A272B5F81730AEEC00F10F6B /* Controllers */,
				A272B5D21730A86300F10F6B /* AppDelegate.h */,
				A272B5D31730A86300F10F6B /* AppDelegate.m */,
				A272B5CA1730A86300F10F6B /* Supporting Files */,
			);
			path = Skylog;
			sourceTree = "<group>";
		};
		A272B5CA1730A86300F10F6B /* Supporting Files */ = {
			isa = PBXGroup;
			children = (
				A272B5CB1730A86300F10F6B /* Skylog-Info.plist */,
				A272B5CC1730A86300F10F6B /* InfoPlist.strings */,
				A272B5CF1730A86300F10F6B /* main.m */,
				A272B5D11730A86300F10F6B /* Skylog-Prefix.pch */,
				A272B5D51730A86300F10F6B /* Default.png */,
				A272B5D71730A86300F10F6B /* Default@2x.png */,
				A272B5D91730A86300F10F6B /* Default-568h@2x.png */,
			);
			name = "Supporting Files";
			sourceTree = "<group>";
		};
		A272B5E71730A86400F10F6B /* SkylogTests */ = {
			isa = PBXGroup;
			children = (
				A272B5ED1730A86400F10F6B /* SkylogTests.h */,
				A272B5EE1730A86400F10F6B /* SkylogTests.m */,
				A272B5E81730A86400F10F6B /* Supporting Files */,
			);
			path = SkylogTests;
			sourceTree = "<group>";
		};
		A272B5E81730A86400F10F6B /* Supporting Files */ = {
			isa = PBXGroup;
			children = (
				A272B5E91730A86400F10F6B /* SkylogTests-Info.plist */,
				A272B5EA1730A86400F10F6B /* InfoPlist.strings */,
			);
			name = "Supporting Files";
			sourceTree = "<group>";
		};
		A272B5F81730AEEC00F10F6B /* Controllers */ = {
			isa = PBXGroup;
			children = (
				A272B5FA1730AF1700F10F6B /* FirstTopViewController.h */,
				A272B5FB1730AF1700F10F6B /* FirstTopViewController.m */,
				A272B5FC1730AF1700F10F6B /* InitialSlidingViewController.h */,
				A272B5FD1730AF1700F10F6B /* InitialSlidingViewController.m */,
				A272B5FE1730AF1700F10F6B /* MenuViewController.h */,
				A272B5FF1730AF1700F10F6B /* MenuViewController.m */,
				A272B6001730AF1700F10F6B /* NavigationTopViewController.h */,
				A272B6011730AF1700F10F6B /* NavigationTopViewController.m */,
				A272B6021730AF1700F10F6B /* SampleTableViewController.h */,
				A272B6031730AF1700F10F6B /* SampleTableViewController.m */,
				A272B6041730AF1700F10F6B /* SecondTopViewController.h */,
				A272B6051730AF1700F10F6B /* SecondTopViewController.m */,
				A272B6061730AF1700F10F6B /* ThirdTopViewController.h */,
				A272B6071730AF1700F10F6B /* ThirdTopViewController.m */,
				A272B6081730AF1700F10F6B /* UnderRightViewController.h */,
				A272B6091730AF1700F10F6B /* UnderRightViewController.m */,
				A272B6211732288900F10F6B /* FourthTopViewController.h */,
				A272B6221732288900F10F6B /* FourthTopViewController.m */,
				A272B624173228CF00F10F6B /* FifthTopViewController.h */,
				A272B625173228CF00F10F6B /* FifthTopViewController.m */,
			);
			name = Controllers;
			sourceTree = "<group>";
		};
		A272B5F91730AEF300F10F6B /* Vendors */ = {
			isa = PBXGroup;
			children = (
				A272B6181730AF4300F10F6B /* ECSlidingViewController */,
			);
			name = Vendors;
			sourceTree = "<group>";
		};
		A272B6181730AF4300F10F6B /* ECSlidingViewController */ = {
			isa = PBXGroup;
			children = (
				A272B6121730AF3C00F10F6B /* ECSlidingViewController.h */,
				A272B6131730AF3C00F10F6B /* ECSlidingViewController.m */,
				A272B6141730AF3C00F10F6B /* UIImage+ImageWithUIView.h */,
				A272B6151730AF3C00F10F6B /* UIImage+ImageWithUIView.m */,
			);
			name = ECSlidingViewController;
			sourceTree = "<group>";
		};
/* End PBXGroup section */

/* Begin PBXNativeTarget section */
		A272B5BF1730A86300F10F6B /* Skylog */ = {
			isa = PBXNativeTarget;
			buildConfigurationList = A272B5F21730A86400F10F6B /* Build configuration list for PBXNativeTarget "Skylog" */;
			buildPhases = (
				A272B5BC1730A86300F10F6B /* Sources */,
				A272B5BD1730A86300F10F6B /* Frameworks */,
				A272B5BE1730A86300F10F6B /* Resources */,
			);
			buildRules = (
			);
			dependencies = (
			);
			name = Skylog;
			productName = Skylog;
			productReference = A272B5C01730A86300F10F6B /* Skylog.app */;
			productType = "com.apple.product-type.application";
		};
		A272B5DF1730A86400F10F6B /* SkylogTests */ = {
			isa = PBXNativeTarget;
			buildConfigurationList = A272B5F51730A86400F10F6B /* Build configuration list for PBXNativeTarget "SkylogTests" */;
			buildPhases = (
				A272B5DB1730A86400F10F6B /* Sources */,
				A272B5DC1730A86400F10F6B /* Frameworks */,
				A272B5DD1730A86400F10F6B /* Resources */,
				A272B5DE1730A86400F10F6B /* ShellScript */,
			);
			buildRules = (
			);
			dependencies = (
				A272B5E61730A86400F10F6B /* PBXTargetDependency */,
			);
			name = SkylogTests;
			productName = SkylogTests;
			productReference = A272B5E01730A86400F10F6B /* SkylogTests.octest */;
			productType = "com.apple.product-type.bundle";
		};
/* End PBXNativeTarget section */

/* Begin PBXProject section */
		A272B5B81730A86300F10F6B /* Project object */ = {
			isa = PBXProject;
			attributes = {
				LastUpgradeCheck = 0460;
				ORGANIZATIONNAME = "Jason English";
			};
			buildConfigurationList = A272B5BB1730A86300F10F6B /* Build configuration list for PBXProject "Skylog" */;
			compatibilityVersion = "Xcode 3.2";
			developmentRegion = English;
			hasScannedForEncodings = 0;
			knownRegions = (
				en,
			);
			mainGroup = A272B5B71730A86300F10F6B;
			productRefGroup = A272B5C11730A86300F10F6B /* Products */;
			projectDirPath = "";
			projectRoot = "";
			targets = (
				A272B5BF1730A86300F10F6B /* Skylog */,
				A272B5DF1730A86400F10F6B /* SkylogTests */,
			);
		};
/* End PBXProject section */

/* Begin PBXResourcesBuildPhase section */
		A272B5BE1730A86300F10F6B /* Resources */ = {
			isa = PBXResourcesBuildPhase;
			buildActionMask = 2147483647;
			files = (
				A272B5CE1730A86300F10F6B /* InfoPlist.strings in Resources */,
				A272B5D61730A86300F10F6B /* Default.png in Resources */,
				A272B5D81730A86300F10F6B /* Default@2x.png in Resources */,
				A272B5DA1730A86300F10F6B /* Default-568h@2x.png in Resources */,
				A272B61A1730AF8600F10F6B /* iPhone.storyboard in Resources */,
				A272B61C1731D8F700F10F6B /* Default.png in Resources */,
				A272B61E1731D90100F10F6B /* Default@2x.png in Resources */,
				A272B6201731D90800F10F6B /* Default-568h@2x.png in Resources */,
			);
			runOnlyForDeploymentPostprocessing = 0;
		};
		A272B5DD1730A86400F10F6B /* Resources */ = {
			isa = PBXResourcesBuildPhase;
			buildActionMask = 2147483647;
			files = (
				A272B5EC1730A86400F10F6B /* InfoPlist.strings in Resources */,
			);
			runOnlyForDeploymentPostprocessing = 0;
		};
/* End PBXResourcesBuildPhase section */

/* Begin PBXShellScriptBuildPhase section */
		A272B5DE1730A86400F10F6B /* ShellScript */ = {
			isa = PBXShellScriptBuildPhase;
			buildActionMask = 2147483647;
			files = (
			);
			inputPaths = (
			);
			outputPaths = (
			);
			runOnlyForDeploymentPostprocessing = 0;
			shellPath = /bin/sh;
			shellScript = "# Run the unit tests in this test bundle.\n\"${SYSTEM_DEVELOPER_DIR}/Tools/RunUnitTests\"\n";
		};
/* End PBXShellScriptBuildPhase section */

/* Begin PBXSourcesBuildPhase section */
		A272B5BC1730A86300F10F6B /* Sources */ = {
			isa = PBXSourcesBuildPhase;
			buildActionMask = 2147483647;
			files = (
				A272B5D01730A86300F10F6B /* main.m in Sources */,
				A272B5D41730A86300F10F6B /* AppDelegate.m in Sources */,
				A272B60A1730AF1700F10F6B /* FirstTopViewController.m in Sources */,
				A272B60B1730AF1700F10F6B /* InitialSlidingViewController.m in Sources */,
				A272B60C1730AF1700F10F6B /* MenuViewController.m in Sources */,
				A272B60D1730AF1700F10F6B /* NavigationTopViewController.m in Sources */,
				A272B60E1730AF1700F10F6B /* SampleTableViewController.m in Sources */,
				A272B60F1730AF1700F10F6B /* SecondTopViewController.m in Sources */,
				A272B6101730AF1700F10F6B /* ThirdTopViewController.m in Sources */,
				A272B6111730AF1700F10F6B /* UnderRightViewController.m in Sources */,
				A272B6161730AF3C00F10F6B /* ECSlidingViewController.m in Sources */,
				A272B6171730AF3C00F10F6B /* UIImage+ImageWithUIView.m in Sources */,
				A272B6231732288900F10F6B /* FourthTopViewController.m in Sources */,
				A272B626173228D000F10F6B /* FifthTopViewController.m in Sources */,
			);
			runOnlyForDeploymentPostprocessing = 0;
		};
		A272B5DB1730A86400F10F6B /* Sources */ = {
			isa = PBXSourcesBuildPhase;
			buildActionMask = 2147483647;
			files = (
				A272B5EF1730A86400F10F6B /* SkylogTests.m in Sources */,
			);
			runOnlyForDeploymentPostprocessing = 0;
		};
/* End PBXSourcesBuildPhase section */

/* Begin PBXTargetDependency section */
		A272B5E61730A86400F10F6B /* PBXTargetDependency */ = {
			isa = PBXTargetDependency;
			target = A272B5BF1730A86300F10F6B /* Skylog */;
			targetProxy = A272B5E51730A86400F10F6B /* PBXContainerItemProxy */;
		};
/* End PBXTargetDependency section */

/* Begin PBXVariantGroup section */
		A272B5CC1730A86300F10F6B /* InfoPlist.strings */ = {
			isa = PBXVariantGroup;
			children = (
				A272B5CD1730A86300F10F6B /* en */,
			);
			name = InfoPlist.strings;
			sourceTree = "<group>";
		};
		A272B5EA1730A86400F10F6B /* InfoPlist.strings */ = {
			isa = PBXVariantGroup;
			children = (
				A272B5EB1730A86400F10F6B /* en */,
			);
			name = InfoPlist.strings;
			sourceTree = "<group>";
		};
/* End PBXVariantGroup section */

/* Begin XCBuildConfiguration section */
		A272B5F01730A86400F10F6B /* Debug */ = {
			isa = XCBuildConfiguration;
			buildSettings = {
				ALWAYS_SEARCH_USER_PATHS = NO;
				CLANG_CXX_LANGUAGE_STANDARD = "gnu++0x";
				CLANG_CXX_LIBRARY = "libc++";
				CLANG_ENABLE_OBJC_ARC = YES;
				CLANG_WARN_CONSTANT_CONVERSION = YES;
				CLANG_WARN_EMPTY_BODY = YES;
				CLANG_WARN_ENUM_CONVERSION = YES;
				CLANG_WARN_INT_CONVERSION = YES;
				CLANG_WARN__DUPLICATE_METHOD_MATCH = YES;
				"CODE_SIGN_IDENTITY[sdk=iphoneos*]" = "iPhone Developer";
				COPY_PHASE_STRIP = NO;
				GCC_C_LANGUAGE_STANDARD = gnu99;
				GCC_DYNAMIC_NO_PIC = NO;
				GCC_OPTIMIZATION_LEVEL = 0;
				GCC_PREPROCESSOR_DEFINITIONS = (
					"DEBUG=1",
					"$(inherited)",
				);
				GCC_SYMBOLS_PRIVATE_EXTERN = NO;
				GCC_WARN_ABOUT_RETURN_TYPE = YES;
				GCC_WARN_UNINITIALIZED_AUTOS = YES;
				GCC_WARN_UNUSED_VARIABLE = YES;
				IPHONEOS_DEPLOYMENT_TARGET = 6.1;
				ONLY_ACTIVE_ARCH = YES;
				SDKROOT = iphoneos;
				TARGETED_DEVICE_FAMILY = "1,2";
			};
			name = Debug;
		};
		A272B5F11730A86400F10F6B /* Release */ = {
			isa = XCBuildConfiguration;
			buildSettings = {
				ALWAYS_SEARCH_USER_PATHS = NO;
				CLANG_CXX_LANGUAGE_STANDARD = "gnu++0x";
				CLANG_CXX_LIBRARY = "libc++";
				CLANG_ENABLE_OBJC_ARC = YES;
				CLANG_WARN_CONSTANT_CONVERSION = YES;
				CLANG_WARN_EMPTY_BODY = YES;
				CLANG_WARN_ENUM_CONVERSION = YES;
				CLANG_WARN_INT_CONVERSION = YES;
				CLANG_WARN__DUPLICATE_METHOD_MATCH = YES;
				"CODE_SIGN_IDENTITY[sdk=iphoneos*]" = "iPhone Developer";
				COPY_PHASE_STRIP = YES;
				GCC_C_LANGUAGE_STANDARD = gnu99;
				GCC_WARN_ABOUT_RETURN_TYPE = YES;
				GCC_WARN_UNINITIALIZED_AUTOS = YES;
				GCC_WARN_UNUSED_VARIABLE = YES;
				IPHONEOS_DEPLOYMENT_TARGET = 6.1;
				OTHER_CFLAGS = "-DNS_BLOCK_ASSERTIONS=1";
				SDKROOT = iphoneos;
				TARGETED_DEVICE_FAMILY = "1,2";
				VALIDATE_PRODUCT = YES;
			};
			name = Release;
		};
		A272B5F31730A86400F10F6B /* Debug */ = {
			isa = XCBuildConfiguration;
			buildSettings = {
				GCC_PRECOMPILE_PREFIX_HEADER = YES;
				GCC_PREFIX_HEADER = "Skylog/Skylog-Prefix.pch";
				INFOPLIST_FILE = "Skylog/Skylog-Info.plist";
				PRODUCT_NAME = "$(TARGET_NAME)";
				WRAPPER_EXTENSION = app;
			};
			name = Debug;
		};
		A272B5F41730A86400F10F6B /* Release */ = {
			isa = XCBuildConfiguration;
			buildSettings = {
				GCC_PRECOMPILE_PREFIX_HEADER = YES;
				GCC_PREFIX_HEADER = "Skylog/Skylog-Prefix.pch";
				INFOPLIST_FILE = "Skylog/Skylog-Info.plist";
				PRODUCT_NAME = "$(TARGET_NAME)";
				WRAPPER_EXTENSION = app;
			};
			name = Release;
		};
		A272B5F61730A86400F10F6B /* Debug */ = {
			isa = XCBuildConfiguration;
			buildSettings = {
				BUNDLE_LOADER = "$(BUILT_PRODUCTS_DIR)/Skylog.app/Skylog";
				FRAMEWORK_SEARCH_PATHS = (
					"\"$(SDKROOT)/Developer/Library/Frameworks\"",
					"\"$(DEVELOPER_LIBRARY_DIR)/Frameworks\"",
				);
				GCC_PRECOMPILE_PREFIX_HEADER = YES;
				GCC_PREFIX_HEADER = "Skylog/Skylog-Prefix.pch";
				INFOPLIST_FILE = "SkylogTests/SkylogTests-Info.plist";
				PRODUCT_NAME = "$(TARGET_NAME)";
				TEST_HOST = "$(BUNDLE_LOADER)";
				WRAPPER_EXTENSION = octest;
			};
			name = Debug;
		};
		A272B5F71730A86400F10F6B /* Release */ = {
			isa = XCBuildConfiguration;
			buildSettings = {
				BUNDLE_LOADER = "$(BUILT_PRODUCTS_DIR)/Skylog.app/Skylog";
				FRAMEWORK_SEARCH_PATHS = (
					"\"$(SDKROOT)/Developer/Library/Frameworks\"",
					"\"$(DEVELOPER_LIBRARY_DIR)/Frameworks\"",
				);
				GCC_PRECOMPILE_PREFIX_HEADER = YES;
				GCC_PREFIX_HEADER = "Skylog/Skylog-Prefix.pch";
				INFOPLIST_FILE = "SkylogTests/SkylogTests-Info.plist";
				PRODUCT_NAME = "$(TARGET_NAME)";
				TEST_HOST = "$(BUNDLE_LOADER)";
				WRAPPER_EXTENSION = octest;
			};
			name = Release;
		};
/* End XCBuildConfiguration section */

/* Begin XCConfigurationList section */
		A272B5BB1730A86300F10F6B /* Build configuration list for PBXProject "Skylog" */ = {
			isa = XCConfigurationList;
			buildConfigurations = (
				A272B5F01730A86400F10F6B /* Debug */,
				A272B5F11730A86400F10F6B /* Release */,
			);
			defaultConfigurationIsVisible = 0;
			defaultConfigurationName = Release;
		};
		A272B5F21730A86400F10F6B /* Build configuration list for PBXNativeTarget "Skylog" */ = {
			isa = XCConfigurationList;
			buildConfigurations = (
				A272B5F31730A86400F10F6B /* Debug */,
				A272B5F41730A86400F10F6B /* Release */,
			);
			defaultConfigurationIsVisible = 0;
			defaultConfigurationName = Release;
		};
		A272B5F51730A86400F10F6B /* Build configuration list for PBXNativeTarget "SkylogTests" */ = {
			isa = XCConfigurationList;
			buildConfigurations = (
				A272B5F61730A86400F10F6B /* Debug */,
				A272B5F71730A86400F10F6B /* Release */,
			);
			defaultConfigurationIsVisible = 0;
			defaultConfigurationName = Release;
		};
/* End XCConfigurationList section */
	};
	rootObject = A272B5B81730A86300F10F6B /* Project object */;
}
